// !$*UTF8*$!
{
	archiveVersion = 1;
	classes = {
	};
	objectVersion = 56;
	objects = {

/* Begin PBXBuildFile section */
		B00000000000000000000001 /* ADGlassesApp.swift in Sources */ = {isa = PBXBuildFile; fileRef = A00000000000000000000001 /* ADGlassesApp.swift */; };
		B00000000000000000000002 /* AppModel.swift in Sources */ = {isa = PBXBuildFile; fileRef = A00000000000000000000002 /* AppModel.swift */; };
		B00000000000000000000003 /* SpeechTranscribing.swift in Sources */ = {isa = PBXBuildFile; fileRef = A00000000000000000000003 /* SpeechTranscribing.swift */; };
		B00000000000000000000004 /* AppleSpeechTranscriber.swift in Sources */ = {isa = PBXBuildFile; fileRef = A00000000000000000000004 /* AppleSpeechTranscriber.swift */; };
		B00000000000000000000005 /* LegacySpeechTranscriber.swift in Sources */ = {isa = PBXBuildFile; fileRef = A00000000000000000000005 /* LegacySpeechTranscriber.swift */; };
		B00000000000000000000006 /* SpeechAnalyzerTranscriber.swift in Sources */ = {isa = PBXBuildFile; fileRef = A00000000000000000000006 /* SpeechAnalyzerTranscriber.swift */; };
		B00000000000000000000007 /* GlassesModels.swift in Sources */ = {isa = PBXBuildFile; fileRef = A00000000000000000000007 /* GlassesModels.swift */; };
		B00000000000000000000008 /* GlassesProvider.swift in Sources */ = {isa = PBXBuildFile; fileRef = A00000000000000000000008 /* GlassesProvider.swift */; };
		B00000000000000000000009 /* GlassesManager.swift in Sources */ = {isa = PBXBuildFile; fileRef = A00000000000000000000009 /* GlassesManager.swift */; };
		B0000000000000000000000A /* HeyCyanGlassesProvider.swift in Sources */ = {isa = PBXBuildFile; fileRef = A0000000000000000000000A /* HeyCyanGlassesProvider.swift */; };
		B0000000000000000000000B /* MetaGlassesProvider.swift in Sources */ = {isa = PBXBuildFile; fileRef = A0000000000000000000000B /* MetaGlassesProvider.swift */; };
		B0000000000000000000000C /* HomeView.swift in Sources */ = {isa = PBXBuildFile; fileRef = A0000000000000000000000C /* HomeView.swift */; };
		B0000000000000000000000D /* Assets.xcassets in Resources */ = {isa = PBXBuildFile; fileRef = A0000000000000000000000D /* Assets.xcassets */; };
		B0000000000000000000000E /* ChatModels.swift in Sources */ = {isa = PBXBuildFile; fileRef = A0000000000000000000000F /* ChatModels.swift */; };
		B0000000000000000000000F /* AssistantView.swift in Sources */ = {isa = PBXBuildFile; fileRef = A00000000000000000000010 /* AssistantView.swift */; };
		B00000000000000000000010 /* WelcomeView.swift in Sources */ = {isa = PBXBuildFile; fileRef = A00000000000000000000011 /* WelcomeView.swift */; };
		B00000000000000000000011 /* CloudAI.swift in Sources */ = {isa = PBXBuildFile; fileRef = A00000000000000000000012 /* CloudAI.swift */; };
		B00000000000000000000012 /* ConversationStore.swift in Sources */ = {isa = PBXBuildFile; fileRef = A00000000000000000000013 /* ConversationStore.swift */; };
		B00000000000000000000013 /* SettingsView.swift in Sources */ = {isa = PBXBuildFile; fileRef = A00000000000000000000014 /* SettingsView.swift */; };
		B00000000000000000000014 /* HeyCyanProtocol.swift in Sources */ = {isa = PBXBuildFile; fileRef = A00000000000000000000015 /* HeyCyanProtocol.swift */; };
		B00000000000000000000015 /* HeyCyanBLETransport.swift in Sources */ = {isa = PBXBuildFile; fileRef = A00000000000000000000016 /* HeyCyanBLETransport.swift */; };
		B00000000000000000000016 /* HeyCyanSession.swift in Sources */ = {isa = PBXBuildFile; fileRef = A00000000000000000000017 /* HeyCyanSession.swift */; };
		B00000000000000000000017 /* HeyCyanWiFiCoordinator.swift in Sources */ = {isa = PBXBuildFile; fileRef = A00000000000000000000018 /* HeyCyanWiFiCoordinator.swift */; };
		B00000000000000000000018 /* HeyCyanMediaClient.swift in Sources */ = {isa = PBXBuildFile; fileRef = A00000000000000000000019 /* HeyCyanMediaClient.swift */; };
		B00000000000000000000019 /* HeyCyanDiagnostics.swift in Sources */ = {isa = PBXBuildFile; fileRef = A0000000000000000000001C /* HeyCyanDiagnostics.swift */; };
		B0000000000000000000001A /* HeyCyanMediaTransferCoordinator.swift in Sources */ = {isa = PBXBuildFile; fileRef = A0000000000000000000001D /* HeyCyanMediaTransferCoordinator.swift */; };
		B0000000000000000000001B /* SpeechOutputController.swift in Sources */ = {isa = PBXBuildFile; fileRef = A0000000000000000000001E /* SpeechOutputController.swift */; };
		B0000000000000000000001C /* TranslationModels.swift in Sources */ = {isa = PBXBuildFile; fileRef = A0000000000000000000001F /* TranslationModels.swift */; };
		B0000000000000000000001D /* NativeTranslationController.swift in Sources */ = {isa = PBXBuildFile; fileRef = A00000000000000000000020 /* NativeTranslationController.swift */; };
		B0000000000000000000001E /* NativeTranslationHost.swift in Sources */ = {isa = PBXBuildFile; fileRef = A00000000000000000000021 /* NativeTranslationHost.swift */; };
		B0000000000000000000001F /* LensImageProcessor.swift in Sources */ = {isa = PBXBuildFile; fileRef = A00000000000000000000022 /* LensImageProcessor.swift */; };
		B00000000000000000000020 /* LensView.swift in Sources */ = {isa = PBXBuildFile; fileRef = A00000000000000000000023 /* LensView.swift */; };
		B00000000000000000000021 /* AssistantRouting.swift in Sources */ = {isa = PBXBuildFile; fileRef = A00000000000000000000024 /* AssistantRouting.swift */; };
		B00000000000000000000022 /* TranslationView.swift in Sources */ = {isa = PBXBuildFile; fileRef = A00000000000000000000025 /* TranslationView.swift */; };
		B00000000000000000000023 /* LibraryModels.swift in Sources */ = {isa = PBXBuildFile; fileRef = A00000000000000000000026 /* LibraryModels.swift */; };
		B00000000000000000000024 /* LibraryStore.swift in Sources */ = {isa = PBXBuildFile; fileRef = A00000000000000000000027 /* LibraryStore.swift */; };
		B00000000000000000000025 /* LibraryModel.swift in Sources */ = {isa = PBXBuildFile; fileRef = A00000000000000000000028 /* LibraryModel.swift */; };
		B00000000000000000000026 /* SoundbiteView.swift in Sources */ = {isa = PBXBuildFile; fileRef = A00000000000000000000029 /* SoundbiteView.swift */; };
		B00000000000000000000027 /* HeyCyanResponses.swift in Sources */ = {isa = PBXBuildFile; fileRef = A0000000000000000000002A /* HeyCyanResponses.swift */; };
		B00000000000000000000028 /* HeyCyanThumbnailTransfer.swift in Sources */ = {isa = PBXBuildFile; fileRef = A0000000000000000000002B /* HeyCyanThumbnailTransfer.swift */; };
		B00000000000000000000029 /* HeyCyanOpusDecoder.swift in Sources */ = {isa = PBXBuildFile; fileRef = A0000000000000000000002C /* HeyCyanOpusDecoder.swift */; };
		B10000000000000000000001 /* HeyCyanProtocolTests.swift in Sources */ = {isa = PBXBuildFile; fileRef = A10000000000000000000001 /* HeyCyanProtocolTests.swift */; };
		B10000000000000000000002 /* GlassesManagerTests.swift in Sources */ = {isa = PBXBuildFile; fileRef = A10000000000000000000002 /* GlassesManagerTests.swift */; };
		B10000000000000000000003 /* HeyCyanSessionTests.swift in Sources */ = {isa = PBXBuildFile; fileRef = A10000000000000000000004 /* HeyCyanSessionTests.swift */; };
		B10000000000000000000004 /* AssistantRoutingTests.swift in Sources */ = {isa = PBXBuildFile; fileRef = A10000000000000000000005 /* AssistantRoutingTests.swift */; };
		B10000000000000000000005 /* LensImageProcessorTests.swift in Sources */ = {isa = PBXBuildFile; fileRef = A10000000000000000000006 /* LensImageProcessorTests.swift */; };
		B10000000000000000000006 /* LibraryStoreTests.swift in Sources */ = {isa = PBXBuildFile; fileRef = A10000000000000000000007 /* LibraryStoreTests.swift */; };
		B10000000000000000000007 /* HeyCyanResponseTests.swift in Sources */ = {isa = PBXBuildFile; fileRef = A10000000000000000000008 /* HeyCyanResponseTests.swift */; };
		B10000000000000000000008 /* ConversationStoreTests.swift in Sources */ = {isa = PBXBuildFile; fileRef = A10000000000000000000009 /* ConversationStoreTests.swift */; };
/* End PBXBuildFile section */

/* Begin PBXContainerItemProxy section */
		D10000000000000000000002 /* PBXContainerItemProxy */ = {
			isa = PBXContainerItemProxy;
			containerPortal = D00000000000000000000002 /* Project object */;
			proxyType = 1;
			remoteGlobalIDString = D00000000000000000000001;
			remoteInfo = ADGlasses;
		};
/* End PBXContainerItemProxy section */

/* Begin PBXFileReference section */
		A00000000000000000000001 /* ADGlassesApp.swift */ = {isa = PBXFileReference; lastKnownFileType = sourcecode.swift; path = ADGlassesApp.swift; sourceTree = "<group>"; };
		A00000000000000000000002 /* AppModel.swift */ = {isa = PBXFileReference; lastKnownFileType = sourcecode.swift; path = AppModel.swift; sourceTree = "<group>"; };
		A00000000000000000000003 /* SpeechTranscribing.swift */ = {isa = PBXFileReference; lastKnownFileType = sourcecode.swift; path = SpeechTranscribing.swift; sourceTree = "<group>"; };
		A00000000000000000000004 /* AppleSpeechTranscriber.swift */ = {isa = PBXFileReference; lastKnownFileType = sourcecode.swift; path = AppleSpeechTranscriber.swift; sourceTree = "<group>"; };
		A00000000000000000000005 /* LegacySpeechTranscriber.swift */ = {isa = PBXFileReference; lastKnownFileType = sourcecode.swift; path = LegacySpeechTranscriber.swift; sourceTree = "<group>"; };
		A00000000000000000000006 /* SpeechAnalyzerTranscriber.swift */ = {isa = PBXFileReference; lastKnownFileType = sourcecode.swift; path = SpeechAnalyzerTranscriber.swift; sourceTree = "<group>"; };
		A00000000000000000000007 /* GlassesModels.swift */ = {isa = PBXFileReference; lastKnownFileType = sourcecode.swift; path = GlassesModels.swift; sourceTree = "<group>"; };
		A00000000000000000000008 /* GlassesProvider.swift */ = {isa = PBXFileReference; lastKnownFileType = sourcecode.swift; path = GlassesProvider.swift; sourceTree = "<group>"; };
		A00000000000000000000009 /* GlassesManager.swift */ = {isa = PBXFileReference; lastKnownFileType = sourcecode.swift; path = GlassesManager.swift; sourceTree = "<group>"; };
		A0000000000000000000000A /* HeyCyanGlassesProvider.swift */ = {isa = PBXFileReference; lastKnownFileType = sourcecode.swift; path = HeyCyanGlassesProvider.swift; sourceTree = "<group>"; };
		A0000000000000000000000B /* MetaGlassesProvider.swift */ = {isa = PBXFileReference; lastKnownFileType = sourcecode.swift; path = MetaGlassesProvider.swift; sourceTree = "<group>"; };
		A0000000000000000000000C /* HomeView.swift */ = {isa = PBXFileReference; lastKnownFileType = sourcecode.swift; path = HomeView.swift; sourceTree = "<group>"; };
		A0000000000000000000000D /* Assets.xcassets */ = {isa = PBXFileReference; lastKnownFileType = folder.assetcatalog; path = Assets.xcassets; sourceTree = "<group>"; };
		A0000000000000000000000E /* ADGlasses.app */ = {isa = PBXFileReference; explicitFileType = wrapper.application; includeInIndex = 0; path = ADGlasses.app; sourceTree = BUILT_PRODUCTS_DIR; };
		A0000000000000000000000F /* ChatModels.swift */ = {isa = PBXFileReference; lastKnownFileType = sourcecode.swift; path = ChatModels.swift; sourceTree = "<group>"; };
		A00000000000000000000010 /* AssistantView.swift */ = {isa = PBXFileReference; lastKnownFileType = sourcecode.swift; path = AssistantView.swift; sourceTree = "<group>"; };
		A00000000000000000000011 /* WelcomeView.swift */ = {isa = PBXFileReference; lastKnownFileType = sourcecode.swift; path = WelcomeView.swift; sourceTree = "<group>"; };
		A00000000000000000000012 /* CloudAI.swift */ = {isa = PBXFileReference; lastKnownFileType = sourcecode.swift; path = CloudAI.swift; sourceTree = "<group>"; };
		A00000000000000000000013 /* ConversationStore.swift */ = {isa = PBXFileReference; lastKnownFileType = sourcecode.swift; path = ConversationStore.swift; sourceTree = "<group>"; };
		A00000000000000000000014 /* SettingsView.swift */ = {isa = PBXFileReference; lastKnownFileType = sourcecode.swift; path = SettingsView.swift; sourceTree = "<group>"; };
		A00000000000000000000015 /* HeyCyanProtocol.swift */ = {isa = PBXFileReference; lastKnownFileType = sourcecode.swift; path = HeyCyanProtocol.swift; sourceTree = "<group>"; };
		A00000000000000000000016 /* HeyCyanBLETransport.swift */ = {isa = PBXFileReference; lastKnownFileType = sourcecode.swift; path = HeyCyanBLETransport.swift; sourceTree = "<group>"; };
		A00000000000000000000017 /* HeyCyanSession.swift */ = {isa = PBXFileReference; lastKnownFileType = sourcecode.swift; path = HeyCyanSession.swift; sourceTree = "<group>"; };
		A00000000000000000000018 /* HeyCyanWiFiCoordinator.swift */ = {isa = PBXFileReference; lastKnownFileType = sourcecode.swift; path = HeyCyanWiFiCoordinator.swift; sourceTree = "<group>"; };
		A00000000000000000000019 /* HeyCyanMediaClient.swift */ = {isa = PBXFileReference; lastKnownFileType = sourcecode.swift; path = HeyCyanMediaClient.swift; sourceTree = "<group>"; };
		A0000000000000000000001A /* Info.plist */ = {isa = PBXFileReference; lastKnownFileType = text.plist.xml; path = Info.plist; sourceTree = "<group>"; };
		A0000000000000000000001B /* ADGlasses.entitlements */ = {isa = PBXFileReference; lastKnownFileType = text.plist.entitlements; path = ADGlasses.entitlements; sourceTree = "<group>"; };
		A0000000000000000000001C /* HeyCyanDiagnostics.swift */ = {isa = PBXFileReference; lastKnownFileType = sourcecode.swift; path = HeyCyanDiagnostics.swift; sourceTree = "<group>"; };
		A0000000000000000000001D /* HeyCyanMediaTransferCoordinator.swift */ = {isa = PBXFileReference; lastKnownFileType = sourcecode.swift; path = HeyCyanMediaTransferCoordinator.swift; sourceTree = "<group>"; };
		A0000000000000000000001E /* SpeechOutputController.swift */ = {isa = PBXFileReference; lastKnownFileType = sourcecode.swift; path = SpeechOutputController.swift; sourceTree = "<group>"; };
		A0000000000000000000001F /* TranslationModels.swift */ = {isa = PBXFileReference; lastKnownFileType = sourcecode.swift; path = TranslationModels.swift; sourceTree = "<group>"; };
		A00000000000000000000020 /* NativeTranslationController.swift */ = {isa = PBXFileReference; lastKnownFileType = sourcecode.swift; path = NativeTranslationController.swift; sourceTree = "<group>"; };
		A00000000000000000000021 /* NativeTranslationHost.swift */ = {isa = PBXFileReference; lastKnownFileType = sourcecode.swift; path = NativeTranslationHost.swift; sourceTree = "<group>"; };
		A00000000000000000000022 /* LensImageProcessor.swift */ = {isa = PBXFileReference; lastKnownFileType = sourcecode.swift; path = LensImageProcessor.swift; sourceTree = "<group>"; };
		A00000000000000000000023 /* LensView.swift */ = {isa = PBXFileReference; lastKnownFileType = sourcecode.swift; path = LensView.swift; sourceTree = "<group>"; };
		A00000000000000000000024 /* AssistantRouting.swift */ = {isa = PBXFileReference; lastKnownFileType = sourcecode.swift; path = AssistantRouting.swift; sourceTree = "<group>"; };
		A00000000000000000000025 /* TranslationView.swift */ = {isa = PBXFileReference; lastKnownFileType = sourcecode.swift; path = TranslationView.swift; sourceTree = "<group>"; };
		A00000000000000000000026 /* LibraryModels.swift */ = {isa = PBXFileReference; lastKnownFileType = sourcecode.swift; path = LibraryModels.swift; sourceTree = "<group>"; };
		A00000000000000000000027 /* LibraryStore.swift */ = {isa = PBXFileReference; lastKnownFileType = sourcecode.swift; path = LibraryStore.swift; sourceTree = "<group>"; };
		A00000000000000000000028 /* LibraryModel.swift */ = {isa = PBXFileReference; lastKnownFileType = sourcecode.swift; path = LibraryModel.swift; sourceTree = "<group>"; };
		A00000000000000000000029 /* SoundbiteView.swift */ = {isa = PBXFileReference; lastKnownFileType = sourcecode.swift; path = SoundbiteView.swift; sourceTree = "<group>"; };
		A0000000000000000000002A /* HeyCyanResponses.swift */ = {isa = PBXFileReference; lastKnownFileType = sourcecode.swift; path = HeyCyanResponses.swift; sourceTree = "<group>"; };
		A0000000000000000000002B /* HeyCyanThumbnailTransfer.swift */ = {isa = PBXFileReference; lastKnownFileType = sourcecode.swift; path = HeyCyanThumbnailTransfer.swift; sourceTree = "<group>"; };
		A0000000000000000000002C /* HeyCyanOpusDecoder.swift */ = {isa = PBXFileReference; lastKnownFileType = sourcecode.swift; path = HeyCyanOpusDecoder.swift; sourceTree = "<group>"; };
		A10000000000000000000001 /* HeyCyanProtocolTests.swift */ = {isa = PBXFileReference; lastKnownFileType = sourcecode.swift; path = HeyCyanProtocolTests.swift; sourceTree = "<group>"; };
		A10000000000000000000002 /* GlassesManagerTests.swift */ = {isa = PBXFileReference; lastKnownFileType = sourcecode.swift; path = GlassesManagerTests.swift; sourceTree = "<group>"; };
		A10000000000000000000003 /* ADGlassesTests.xctest */ = {isa = PBXFileReference; explicitFileType = wrapper.cfbundle; includeInIndex = 0; path = ADGlassesTests.xctest; sourceTree = BUILT_PRODUCTS_DIR; };
		A10000000000000000000004 /* HeyCyanSessionTests.swift */ = {isa = PBXFileReference; lastKnownFileType = sourcecode.swift; path = HeyCyanSessionTests.swift; sourceTree = "<group>"; };
		A10000000000000000000005 /* AssistantRoutingTests.swift */ = {isa = PBXFileReference; lastKnownFileType = sourcecode.swift; path = AssistantRoutingTests.swift; sourceTree = "<group>"; };
		A10000000000000000000006 /* LensImageProcessorTests.swift */ = {isa = PBXFileReference; lastKnownFileType = sourcecode.swift; path = LensImageProcessorTests.swift; sourceTree = "<group>"; };
		A10000000000000000000007 /* LibraryStoreTests.swift */ = {isa = PBXFileReference; lastKnownFileType = sourcecode.swift; path = LibraryStoreTests.swift; sourceTree = "<group>"; };
		A10000000000000000000008 /* HeyCyanResponseTests.swift */ = {isa = PBXFileReference; lastKnownFileType = sourcecode.swift; path = HeyCyanResponseTests.swift; sourceTree = "<group>"; };
		A10000000000000000000009 /* ConversationStoreTests.swift */ = {isa = PBXFileReference; lastKnownFileType = sourcecode.swift; path = ConversationStoreTests.swift; sourceTree = "<group>"; };
/* End PBXFileReference section */

/* Begin PBXFrameworksBuildPhase section */
		F00000000000000000000001 /* Frameworks */ = {
			isa = PBXFrameworksBuildPhase;
			buildActionMask = 2147483647;
			files = (
			);
			runOnlyForDeploymentPostprocessing = 0;
		};
		F10000000000000000000001 /* Frameworks */ = {
			isa = PBXFrameworksBuildPhase;
			buildActionMask = 2147483647;
			files = (
			);
			runOnlyForDeploymentPostprocessing = 0;
		};
/* End PBXFrameworksBuildPhase section */

/* Begin PBXGroup section */
		C00000000000000000000001 = {
			isa = PBXGroup;
			children = (
				C00000000000000000000003 /* ADGlasses */,
				C10000000000000000000001 /* ADGlassesTests */,
				C00000000000000000000002 /* Products */,
			);
			sourceTree = "<group>";
		};
		C00000000000000000000002 /* Products */ = {
			isa = PBXGroup;
			children = (
				A0000000000000000000000E /* ADGlasses.app */,
				A10000000000000000000003 /* ADGlassesTests.xctest */,
			);
			name = Products;
			sourceTree = "<group>";
		};
		C00000000000000000000003 /* ADGlasses */ = {
			isa = PBXGroup;
			children = (
				A0000000000000000000001A /* Info.plist */,
				A0000000000000000000001B /* ADGlasses.entitlements */,
				C00000000000000000000004 /* App */,
				C00000000000000000000005 /* Core */,
				C00000000000000000000008 /* Integrations */,
				C0000000000000000000000B /* Features */,
				C0000000000000000000000D /* Resources */,
			);
			path = ADGlasses;
			sourceTree = "<group>";
		};
		C00000000000000000000004 /* App */ = {
			isa = PBXGroup;
			children = (
				A00000000000000000000001 /* ADGlassesApp.swift */,
				A00000000000000000000002 /* AppModel.swift */,
			);
			path = App;
			sourceTree = "<group>";
		};
		C00000000000000000000005 /* Core */ = {
			isa = PBXGroup;
			children = (
				C00000000000000000000011 /* AI */,
				C00000000000000000000006 /* Speech */,
				C00000000000000000000007 /* Glasses */,
				C0000000000000000000000E /* Chat */,
				C00000000000000000000013 /* Translation */,
				C00000000000000000000014 /* Lens */,
				C00000000000000000000017 /* Library */,
			);
			path = Core;
			sourceTree = "<group>";
		};
		C00000000000000000000006 /* Speech */ = {
			isa = PBXGroup;
			children = (
				A00000000000000000000003 /* SpeechTranscribing.swift */,
				A00000000000000000000004 /* AppleSpeechTranscriber.swift */,
				A00000000000000000000005 /* LegacySpeechTranscriber.swift */,
				A00000000000000000000006 /* SpeechAnalyzerTranscriber.swift */,
				A0000000000000000000001E /* SpeechOutputController.swift */,
			);
			path = Speech;
			sourceTree = "<group>";
		};
		C00000000000000000000007 /* Glasses */ = {
			isa = PBXGroup;
			children = (
				A00000000000000000000007 /* GlassesModels.swift */,
				A00000000000000000000008 /* GlassesProvider.swift */,
				A00000000000000000000009 /* GlassesManager.swift */,
			);
			path = Glasses;
			sourceTree = "<group>";
		};
		C00000000000000000000008 /* Integrations */ = {
			isa = PBXGroup;
			children = (
				C00000000000000000000009 /* HeyCyan */,
				C0000000000000000000000A /* Meta */,
			);
			path = Integrations;
			sourceTree = "<group>";
		};
		C00000000000000000000009 /* HeyCyan */ = {
			isa = PBXGroup;
			children = (
				A0000000000000000000000A /* HeyCyanGlassesProvider.swift */,
				A00000000000000000000016 /* HeyCyanBLETransport.swift */,
				A00000000000000000000017 /* HeyCyanSession.swift */,
				A00000000000000000000015 /* HeyCyanProtocol.swift */,
				A0000000000000000000002A /* HeyCyanResponses.swift */,
				A0000000000000000000002B /* HeyCyanThumbnailTransfer.swift */,
				A0000000000000000000002C /* HeyCyanOpusDecoder.swift */,
				A00000000000000000000018 /* HeyCyanWiFiCoordinator.swift */,
				A00000000000000000000019 /* HeyCyanMediaClient.swift */,
				A0000000000000000000001C /* HeyCyanDiagnostics.swift */,
				A0000000000000000000001D /* HeyCyanMediaTransferCoordinator.swift */,
			);
			path = HeyCyan;
			sourceTree = "<group>";
		};
		C0000000000000000000000A /* Meta */ = {
			isa = PBXGroup;
			children = (
				A0000000000000000000000B /* MetaGlassesProvider.swift */,
			);
			path = Meta;
			sourceTree = "<group>";
		};
		C0000000000000000000000B /* Features */ = {
			isa = PBXGroup;
			children = (
				C00000000000000000000010 /* Welcome */,
				C0000000000000000000000C /* Home */,
				C0000000000000000000000F /* Assistant */,
				C00000000000000000000012 /* Settings */,
				C00000000000000000000015 /* Lens */,
				C00000000000000000000016 /* Translation */,
				C00000000000000000000018 /* Soundbites */,
			);
			path = Features;
			sourceTree = "<group>";
		};
		C0000000000000000000000C /* Home */ = {
			isa = PBXGroup;
			children = (
				A0000000000000000000000C /* HomeView.swift */,
			);
			path = Home;
			sourceTree = "<group>";
		};
		C0000000000000000000000D /* Resources */ = {
			isa = PBXGroup;
			children = (
				A0000000000000000000000D /* Assets.xcassets */,
			);
			path = Resources;
			sourceTree = "<group>";
		};
		C0000000000000000000000E /* Chat */ = {
			isa = PBXGroup;
			children = (
				A0000000000000000000000F /* ChatModels.swift */,
				A00000000000000000000013 /* ConversationStore.swift */,
			);
			path = Chat;
			sourceTree = "<group>";
		};
		C0000000000000000000000F /* Assistant */ = {
			isa = PBXGroup;
			children = (
				A00000000000000000000010 /* AssistantView.swift */,
			);
			path = Assistant;
			sourceTree = "<group>";
		};
		C00000000000000000000010 /* Welcome */ = {
			isa = PBXGroup;
			children = (
				A00000000000000000000011 /* WelcomeView.swift */,
			);
			path = Welcome;
			sourceTree = "<group>";
		};
		C00000000000000000000011 /* AI */ = {
			isa = PBXGroup;
			children = (
				A00000000000000000000012 /* CloudAI.swift */,
				A00000000000000000000024 /* AssistantRouting.swift */,
			);
			path = AI;
			sourceTree = "<group>";
		};
		C00000000000000000000012 /* Settings */ = {
			isa = PBXGroup;
			children = (
				A00000000000000000000014 /* SettingsView.swift */,
			);
			path = Settings;
			sourceTree = "<group>";
		};
		C00000000000000000000013 /* Translation */ = {
			isa = PBXGroup;
			children = (
				A0000000000000000000001F /* TranslationModels.swift */,
				A00000000000000000000020 /* NativeTranslationController.swift */,
				A00000000000000000000021 /* NativeTranslationHost.swift */,
			);
			path = Translation;
			sourceTree = "<group>";
		};
		C00000000000000000000014 /* Lens */ = {
			isa = PBXGroup;
			children = (
				A00000000000000000000022 /* LensImageProcessor.swift */,
			);
			path = Lens;
			sourceTree = "<group>";
		};
		C00000000000000000000015 /* Lens */ = {
			isa = PBXGroup;
			children = (
				A00000000000000000000023 /* LensView.swift */,
			);
			path = Lens;
			sourceTree = "<group>";
		};
		C00000000000000000000016 /* Translation */ = {
			isa = PBXGroup;
			children = (
				A00000000000000000000025 /* TranslationView.swift */,
			);
			path = Translation;
			sourceTree = "<group>";
		};
		C00000000000000000000017 /* Library */ = {
			isa = PBXGroup;
			children = (
				A00000000000000000000026 /* LibraryModels.swift */,
				A00000000000000000000027 /* LibraryStore.swift */,
				A00000000000000000000028 /* LibraryModel.swift */,
			);
			path = Library;
			sourceTree = "<group>";
		};
		C00000000000000000000018 /* Soundbites */ = {
			isa = PBXGroup;
			children = (
				A00000000000000000000029 /* SoundbiteView.swift */,
			);
			path = Soundbites;
			sourceTree = "<group>";
		};
		C10000000000000000000001 /* ADGlassesTests */ = {
			isa = PBXGroup;
			children = (
				A10000000000000000000001 /* HeyCyanProtocolTests.swift */,
				A10000000000000000000002 /* GlassesManagerTests.swift */,
				A10000000000000000000004 /* HeyCyanSessionTests.swift */,
				A10000000000000000000005 /* AssistantRoutingTests.swift */,
				A10000000000000000000006 /* LensImageProcessorTests.swift */,
				A10000000000000000000007 /* LibraryStoreTests.swift */,
				A10000000000000000000008 /* HeyCyanResponseTests.swift */,
				A10000000000000000000009 /* ConversationStoreTests.swift */,
			);
			path = ADGlassesTests;
			sourceTree = "<group>";
		};
/* End PBXGroup section */

/* Begin PBXNativeTarget section */
		D00000000000000000000001 /* ADGlasses */ = {
			isa = PBXNativeTarget;
			buildConfigurationList = E00000000000000000000003 /* Build configuration list for PBXNativeTarget "ADGlasses" */;
			buildPhases = (
				F00000000000000000000002 /* Sources */,
				F00000000000000000000001 /* Frameworks */,
				F00000000000000000000003 /* Resources */,
			);
			buildRules = (
			);
			dependencies = (
			);
			name = ADGlasses;
			packageProductDependencies = (
			);
			productName = ADGlasses;
			productReference = A0000000000000000000000E /* ADGlasses.app */;
			productType = "com.apple.product-type.application";
		};
		D10000000000000000000001 /* ADGlassesTests */ = {
			isa = PBXNativeTarget;
			buildConfigurationList = E10000000000000000000003 /* Build configuration list for PBXNativeTarget "ADGlassesTests" */;
			buildPhases = (
				F10000000000000000000002 /* Sources */,
				F10000000000000000000001 /* Frameworks */,
				F10000000000000000000003 /* Resources */,
			);
			buildRules = (
			);
			dependencies = (
				D10000000000000000000003 /* PBXTargetDependency */,
			);
			name = ADGlassesTests;
			productName = ADGlassesTests;
			productReference = A10000000000000000000003 /* ADGlassesTests.xctest */;
			productType = "com.apple.product-type.bundle.unit-test";
		};
/* End PBXNativeTarget section */

/* Begin PBXProject section */
		D00000000000000000000002 /* Project object */ = {
			isa = PBXProject;
			attributes = {
				BuildIndependentTargetsInParallel = 1;
				LastSwiftUpdateCheck = 2600;
				LastUpgradeCheck = 2600;
				TargetAttributes = {
					D00000000000000000000001 = {
						CreatedOnToolsVersion = 26.0;
					};
					D10000000000000000000001 = {
						CreatedOnToolsVersion = 26.0;
						TestTargetID = D00000000000000000000001;
					};
				};
			};
			buildConfigurationList = E00000000000000000000004 /* Build configuration list for PBXProject "ADGlasses" */;
			compatibilityVersion = "Xcode 14.0";
			developmentRegion = en;
			hasScannedForEncodings = 0;
			knownRegions = (
				en,
				Base,
			);
			mainGroup = C00000000000000000000001;
			productRefGroup = C00000000000000000000002 /* Products */;
			projectDirPath = "";
			projectRoot = "";
			targets = (
				D00000000000000000000001 /* ADGlasses */,
				D10000000000000000000001 /* ADGlassesTests */,
			);
		};
/* End PBXProject section */

/* Begin PBXResourcesBuildPhase section */
		F00000000000000000000003 /* Resources */ = {
			isa = PBXResourcesBuildPhase;
			buildActionMask = 2147483647;
			files = (
				B0000000000000000000000D /* Assets.xcassets in Resources */,
			);
			runOnlyForDeploymentPostprocessing = 0;
		};
		F10000000000000000000003 /* Resources */ = {
			isa = PBXResourcesBuildPhase;
			buildActionMask = 2147483647;
			files = (
			);
			runOnlyForDeploymentPostprocessing = 0;
		};
/* End PBXResourcesBuildPhase section */

/* Begin PBXSourcesBuildPhase section */
		F00000000000000000000002 /* Sources */ = {
			isa = PBXSourcesBuildPhase;
			buildActionMask = 2147483647;
			files = (
				B00000000000000000000001 /* ADGlassesApp.swift in Sources */,
				B00000000000000000000002 /* AppModel.swift in Sources */,
				B00000000000000000000003 /* SpeechTranscribing.swift in Sources */,
				B00000000000000000000004 /* AppleSpeechTranscriber.swift in Sources */,
				B00000000000000000000005 /* LegacySpeechTranscriber.swift in Sources */,
				B00000000000000000000006 /* SpeechAnalyzerTranscriber.swift in Sources */,
				B00000000000000000000007 /* GlassesModels.swift in Sources */,
				B00000000000000000000008 /* GlassesProvider.swift in Sources */,
				B00000000000000000000009 /* GlassesManager.swift in Sources */,
				B0000000000000000000000A /* HeyCyanGlassesProvider.swift in Sources */,
				B0000000000000000000000B /* MetaGlassesProvider.swift in Sources */,
				B0000000000000000000000C /* HomeView.swift in Sources */,
				B0000000000000000000000E /* ChatModels.swift in Sources */,
				B0000000000000000000000F /* AssistantView.swift in Sources */,
				B00000000000000000000010 /* WelcomeView.swift in Sources */,
				B00000000000000000000011 /* CloudAI.swift in Sources */,
				B00000000000000000000012 /* ConversationStore.swift in Sources */,
				B00000000000000000000013 /* SettingsView.swift in Sources */,
				B00000000000000000000014 /* HeyCyanProtocol.swift in Sources */,
				B00000000000000000000015 /* HeyCyanBLETransport.swift in Sources */,
				B00000000000000000000016 /* HeyCyanSession.swift in Sources */,
				B00000000000000000000017 /* HeyCyanWiFiCoordinator.swift in Sources */,
				B00000000000000000000018 /* HeyCyanMediaClient.swift in Sources */,
				B00000000000000000000019 /* HeyCyanDiagnostics.swift in Sources */,
				B0000000000000000000001A /* HeyCyanMediaTransferCoordinator.swift in Sources */,
				B0000000000000000000001B /* SpeechOutputController.swift in Sources */,
				B0000000000000000000001C /* TranslationModels.swift in Sources */,
				B0000000000000000000001D /* NativeTranslationController.swift in Sources */,
				B0000000000000000000001E /* NativeTranslationHost.swift in Sources */,
				B0000000000000000000001F /* LensImageProcessor.swift in Sources */,
				B00000000000000000000020 /* LensView.swift in Sources */,
				B00000000000000000000021 /* AssistantRouting.swift in Sources */,
				B00000000000000000000022 /* TranslationView.swift in Sources */,
				B00000000000000000000023 /* LibraryModels.swift in Sources */,
				B00000000000000000000024 /* LibraryStore.swift in Sources */,
				B00000000000000000000025 /* LibraryModel.swift in Sources */,
				B00000000000000000000026 /* SoundbiteView.swift in Sources */,
				B00000000000000000000027 /* HeyCyanResponses.swift in Sources */,
				B00000000000000000000028 /* HeyCyanThumbnailTransfer.swift in Sources */,
				B00000000000000000000029 /* HeyCyanOpusDecoder.swift in Sources */,
			);
			runOnlyForDeploymentPostprocessing = 0;
		};
		F10000000000000000000002 /* Sources */ = {
			isa = PBXSourcesBuildPhase;
			buildActionMask = 2147483647;
			files = (
				B10000000000000000000001 /* HeyCyanProtocolTests.swift in Sources */,
				B10000000000000000000002 /* GlassesManagerTests.swift in Sources */,
				B10000000000000000000003 /* HeyCyanSessionTests.swift in Sources */,
				B10000000000000000000004 /* AssistantRoutingTests.swift in Sources */,
				B10000000000000000000005 /* LensImageProcessorTests.swift in Sources */,
				B10000000000000000000006 /* LibraryStoreTests.swift in Sources */,
				B10000000000000000000007 /* HeyCyanResponseTests.swift in Sources */,
				B10000000000000000000008 /* ConversationStoreTests.swift in Sources */,
			);
			runOnlyForDeploymentPostprocessing = 0;
		};
/* End PBXSourcesBuildPhase section */

/* Begin PBXTargetDependency section */
		D10000000000000000000003 /* PBXTargetDependency */ = {
			isa = PBXTargetDependency;
			target = D00000000000000000000001 /* ADGlasses */;
			targetProxy = D10000000000000000000002 /* PBXContainerItemProxy */;
		};
/* End PBXTargetDependency section */

/* Begin XCBuildConfiguration section */
		E00000000000000000000001 /* Debug Personal */ = {
			isa = XCBuildConfiguration;
			buildSettings = {
				ALWAYS_SEARCH_USER_PATHS = NO;
				CLANG_ENABLE_MODULES = YES;
				COPY_PHASE_STRIP = NO;
				DEBUG_INFORMATION_FORMAT = dwarf;
				ENABLE_TESTABILITY = YES;
				GCC_C_LANGUAGE_STANDARD = gnu17;
				GCC_OPTIMIZATION_LEVEL = 0;
				IPHONEOS_DEPLOYMENT_TARGET = 26.0;
				ONLY_ACTIVE_ARCH = YES;
				SDKROOT = iphoneos;
				SWIFT_ACTIVE_COMPILATION_CONDITIONS = DEBUG;
				SWIFT_OPTIMIZATION_LEVEL = "-Onone";
				SWIFT_VERSION = 5.0;
			};
			name = "Debug Personal";
		};
		E00000000000000000000002 /* Release Personal */ = {
			isa = XCBuildConfiguration;
			buildSettings = {
				ALWAYS_SEARCH_USER_PATHS = NO;
				CLANG_ENABLE_MODULES = YES;
				DEBUG_INFORMATION_FORMAT = "dwarf-with-dsym";
				ENABLE_NS_ASSERTIONS = NO;
				GCC_C_LANGUAGE_STANDARD = gnu17;
				IPHONEOS_DEPLOYMENT_TARGET = 26.0;
				SDKROOT = iphoneos;
				SWIFT_COMPILATION_MODE = wholemodule;
				SWIFT_OPTIMIZATION_LEVEL = "-O";
				SWIFT_VERSION = 5.0;
			};
			name = "Release Personal";
		};
		E00000000000000000000007 /* Release Entitled */ = {
			isa = XCBuildConfiguration;
			buildSettings = {
				ALWAYS_SEARCH_USER_PATHS = NO;
				CLANG_ENABLE_MODULES = YES;
				DEBUG_INFORMATION_FORMAT = "dwarf-with-dsym";
				ENABLE_NS_ASSERTIONS = NO;
				GCC_C_LANGUAGE_STANDARD = gnu17;
				IPHONEOS_DEPLOYMENT_TARGET = 26.0;
				SDKROOT = iphoneos;
				SWIFT_COMPILATION_MODE = wholemodule;
				SWIFT_OPTIMIZATION_LEVEL = "-O";
				SWIFT_VERSION = 5.0;
			};
			name = "Release Entitled";
		};
		E00000000000000000000005 /* Debug Personal */ = {
			isa = XCBuildConfiguration;
			buildSettings = {
				ASSETCATALOG_COMPILER_APPICON_NAME = AppIcon;
				CODE_SIGN_ENTITLEMENTS = "";
				CODE_SIGN_STYLE = Automatic;
				CURRENT_PROJECT_VERSION = 1;
				DEVELOPMENT_TEAM = 2DWLRWL9NV;
				ENABLE_PREVIEWS = YES;
				GENERATE_INFOPLIST_FILE = NO;
				INFOPLIST_FILE = ADGlasses/Info.plist;
				IPHONEOS_DEPLOYMENT_TARGET = 26.0;
				LD_RUNPATH_SEARCH_PATHS = (
					"$(inherited)",
					"@executable_path/Frameworks",
					"@loader_path/Frameworks",
				);
				MARKETING_VERSION = 0.1.0;
				PRODUCT_BUNDLE_IDENTIFIER = com.achyutdalai.ADGlasses;
				PRODUCT_NAME = "$(TARGET_NAME)";
				SUPPORTED_PLATFORMS = "iphoneos iphonesimulator";
				SWIFT_ACTIVE_COMPILATION_CONDITIONS = "$(inherited) AD_PERSONAL_TEAM_BUILD";
				SWIFT_EMIT_LOC_STRINGS = YES;
				SWIFT_VERSION = 5.0;
				TARGETED_DEVICE_FAMILY = 1;
			};
			name = "Debug Personal";
		};
		E00000000000000000000006 /* Release Personal */ = {
			isa = XCBuildConfiguration;
			buildSettings = {
				ASSETCATALOG_COMPILER_APPICON_NAME = AppIcon;
				CODE_SIGN_ENTITLEMENTS = "";
				CODE_SIGN_STYLE = Automatic;
				CURRENT_PROJECT_VERSION = 1;
				DEVELOPMENT_TEAM = 2DWLRWL9NV;
				GENERATE_INFOPLIST_FILE = NO;
				INFOPLIST_FILE = ADGlasses/Info.plist;
				IPHONEOS_DEPLOYMENT_TARGET = 26.0;
				LD_RUNPATH_SEARCH_PATHS = (
					"$(inherited)",
					"@executable_path/Frameworks",
					"@loader_path/Frameworks",
				);
				MARKETING_VERSION = 0.1.0;
				PRODUCT_BUNDLE_IDENTIFIER = com.achyutdalai.ADGlasses;
				PRODUCT_NAME = "$(TARGET_NAME)";
				SUPPORTED_PLATFORMS = "iphoneos iphonesimulator";
				SWIFT_ACTIVE_COMPILATION_CONDITIONS = "$(inherited) AD_PERSONAL_TEAM_BUILD";
				SWIFT_EMIT_LOC_STRINGS = YES;
				SWIFT_VERSION = 5.0;
				TARGETED_DEVICE_FAMILY = 1;
			};
			name = "Release Personal";
		};
		E00000000000000000000008 /* Release Entitled */ = {
			isa = XCBuildConfiguration;
			buildSettings = {
				ASSETCATALOG_COMPILER_APPICON_NAME = AppIcon;
				CODE_SIGN_ENTITLEMENTS = ADGlasses/ADGlasses.entitlements;
				CODE_SIGN_STYLE = Automatic;
				CURRENT_PROJECT_VERSION = 1;
				DEVELOPMENT_TEAM = 2DWLRWL9NV;
				GENERATE_INFOPLIST_FILE = NO;
				INFOPLIST_FILE = ADGlasses/Info.plist;
				IPHONEOS_DEPLOYMENT_TARGET = 26.0;
				LD_RUNPATH_SEARCH_PATHS = (
					"$(inherited)",
					"@executable_path/Frameworks",
					"@loader_path/Frameworks",
				);
				MARKETING_VERSION = 0.1.0;
				PRODUCT_BUNDLE_IDENTIFIER = com.achyutdalai.ADGlasses;
				PRODUCT_NAME = "$(TARGET_NAME)";
				SUPPORTED_PLATFORMS = "iphoneos iphonesimulator";
				SWIFT_EMIT_LOC_STRINGS = YES;
				SWIFT_VERSION = 5.0;
				TARGETED_DEVICE_FAMILY = 1;
			};
			name = "Release Entitled";
		};
		E10000000000000000000001 /* Debug Personal */ = {
			isa = XCBuildConfiguration;
			buildSettings = {
				BUNDLE_LOADER = "$(TEST_HOST)";
				CODE_SIGN_STYLE = Automatic;
				CURRENT_PROJECT_VERSION = 1;
				GENERATE_INFOPLIST_FILE = YES;
				IPHONEOS_DEPLOYMENT_TARGET = 26.0;
				MARKETING_VERSION = 0.1.0;
				PRODUCT_BUNDLE_IDENTIFIER = com.achyutdalai.ADGlassesTests;
				PRODUCT_NAME = "$(TARGET_NAME)";
				SDKROOT = iphoneos;
				SUPPORTED_PLATFORMS = "iphoneos iphonesimulator";
				SWIFT_ACTIVE_COMPILATION_CONDITIONS = "$(inherited) AD_PERSONAL_TEAM_BUILD";
				SWIFT_VERSION = 5.0;
				TARGETED_DEVICE_FAMILY = 1;
				TEST_HOST = "$(BUILT_PRODUCTS_DIR)/ADGlasses.app/$(BUNDLE_EXECUTABLE_FOLDER_PATH)/ADGlasses";
			};
			name = "Debug Personal";
		};
		E10000000000000000000002 /* Release Personal */ = {
			isa = XCBuildConfiguration;
			buildSettings = {
				BUNDLE_LOADER = "$(TEST_HOST)";
				CODE_SIGN_STYLE = Automatic;
				CURRENT_PROJECT_VERSION = 1;
				GENERATE_INFOPLIST_FILE = YES;
				IPHONEOS_DEPLOYMENT_TARGET = 26.0;
				MARKETING_VERSION = 0.1.0;
				PRODUCT_BUNDLE_IDENTIFIER = com.achyutdalai.ADGlassesTests;
				PRODUCT_NAME = "$(TARGET_NAME)";
				SDKROOT = iphoneos;
				SUPPORTED_PLATFORMS = "iphoneos iphonesimulator";
				SWIFT_ACTIVE_COMPILATION_CONDITIONS = "$(inherited) AD_PERSONAL_TEAM_BUILD";
				SWIFT_VERSION = 5.0;
				TARGETED_DEVICE_FAMILY = 1;
				TEST_HOST = "$(BUILT_PRODUCTS_DIR)/ADGlasses.app/$(BUNDLE_EXECUTABLE_FOLDER_PATH)/ADGlasses";
			};
			name = "Release Personal";
		};
		E10000000000000000000004 /* Release Entitled */ = {
			isa = XCBuildConfiguration;
			buildSettings = {
				BUNDLE_LOADER = "$(TEST_HOST)";
				CODE_SIGN_STYLE = Automatic;
				CURRENT_PROJECT_VERSION = 1;
				GENERATE_INFOPLIST_FILE = YES;
				IPHONEOS_DEPLOYMENT_TARGET = 26.0;
				MARKETING_VERSION = 0.1.0;
				PRODUCT_BUNDLE_IDENTIFIER = com.achyutdalai.ADGlassesTests;
				PRODUCT_NAME = "$(TARGET_NAME)";
				SDKROOT = iphoneos;
				SUPPORTED_PLATFORMS = "iphoneos iphonesimulator";
				SWIFT_VERSION = 5.0;
				TARGETED_DEVICE_FAMILY = 1;
				TEST_HOST = "$(BUILT_PRODUCTS_DIR)/ADGlasses.app/$(BUNDLE_EXECUTABLE_FOLDER_PATH)/ADGlasses";
			};
			name = "Release Entitled";
		};
/* End XCBuildConfiguration section */

/* Begin XCConfigurationList section */
		E00000000000000000000003 /* Build configuration list for PBXNativeTarget "ADGlasses" */ = {
			isa = XCConfigurationList;
			buildConfigurations = (
				E00000000000000000000005 /* Debug Personal */,
				E00000000000000000000006 /* Release Personal */,
				E00000000000000000000008 /* Release Entitled */,
			);
			defaultConfigurationIsVisible = 0;
			defaultConfigurationName = "Release Personal";
		};
		E00000000000000000000004 /* Build configuration list for PBXProject "ADGlasses" */ = {
			isa = XCConfigurationList;
			buildConfigurations = (
				E00000000000000000000001 /* Debug Personal */,
				E00000000000000000000002 /* Release Personal */,
				E00000000000000000000007 /* Release Entitled */,
			);
			defaultConfigurationIsVisible = 0;
			defaultConfigurationName = "Release Personal";
		};
		E10000000000000000000003 /* Build configuration list for PBXNativeTarget "ADGlassesTests" */ = {
			isa = XCConfigurationList;
			buildConfigurations = (
				E10000000000000000000001 /* Debug Personal */,
				E10000000000000000000002 /* Release Personal */,
				E10000000000000000000004 /* Release Entitled */,
			);
			defaultConfigurationIsVisible = 0;
			defaultConfigurationName = "Release Personal";
		};
/* End XCConfigurationList section */
	};
	rootObject = D00000000000000000000002 /* Project object */;
}
